// !$*UTF8*$!
{
	archiveVersion = 1;
	classes = {
	};
	objectVersion = 46;
	objects = {

/* Begin PBXBuildFile section */
		4301D4841BB7D3F60018C909 /* AppDelegate.swift in Sources */ = {isa = PBXBuildFile; fileRef = 4301D4831BB7D3F60018C909 /* AppDelegate.swift */; };
		4301D4861BB7D3F60018C909 /* ViewController.swift in Sources */ = {isa = PBXBuildFile; fileRef = 4301D4851BB7D3F60018C909 /* ViewController.swift */; };
		4301D4891BB7D3F60018C909 /* Main.storyboard in Resources */ = {isa = PBXBuildFile; fileRef = 4301D4871BB7D3F60018C909 /* Main.storyboard */; };
		4301D48B1BB7D3F60018C909 /* Assets.xcassets in Resources */ = {isa = PBXBuildFile; fileRef = 4301D48A1BB7D3F60018C909 /* Assets.xcassets */; };
		4301D48E1BB7D3F60018C909 /* LaunchScreen.storyboard in Resources */ = {isa = PBXBuildFile; fileRef = 4301D48C1BB7D3F60018C909 /* LaunchScreen.storyboard */; };
		4301D4991BB7D3F60018C909 /* ResponsiveScrollViewTests.swift in Sources */ = {isa = PBXBuildFile; fileRef = 4301D4981BB7D3F60018C909 /* ResponsiveScrollViewTests.swift */; };
		4301D4A41BB7D3F60018C909 /* ResponsiveScrollViewUITests.swift in Sources */ = {isa = PBXBuildFile; fileRef = 4301D4A31BB7D3F60018C909 /* ResponsiveScrollViewUITests.swift */; };
		4301D4B21BB7D5950018C909 /* View.xib in Resources */ = {isa = PBXBuildFile; fileRef = 4301D4B11BB7D5950018C909 /* View.xib */; };
		4302B6741C721E4700160C62 /* Vieww.xib in Resources */ = {isa = PBXBuildFile; fileRef = 4302B6731C721E4700160C62 /* Vieww.xib */; };
		43E79C2C1C9AAD9200C00B77 /* UIView+loadFromXibNib.swift in Sources */ = {isa = PBXBuildFile; fileRef = 43E79C2B1C9AAD9200C00B77 /* UIView+loadFromXibNib.swift */; };
/* End PBXBuildFile section */

/* Begin PBXContainerItemProxy section */
		4301D4951BB7D3F60018C909 /* PBXContainerItemProxy */ = {
			isa = PBXContainerItemProxy;
			containerPortal = 4301D4781BB7D3F60018C909 /* Project object */;
			proxyType = 1;
			remoteGlobalIDString = 4301D47F1BB7D3F60018C909;
			remoteInfo = ResponsiveScrollView;
		};
		4301D4A01BB7D3F60018C909 /* PBXContainerItemProxy */ = {
			isa = PBXContainerItemProxy;
			containerPortal = 4301D4781BB7D3F60018C909 /* Project object */;
			proxyType = 1;
			remoteGlobalIDString = 4301D47F1BB7D3F60018C909;
			remoteInfo = ResponsiveScrollView;
		};
/* End PBXContainerItemProxy section */

/* Begin PBXFileReference section */
		4301D4801BB7D3F60018C909 /* Demo.app */ = {isa = PBXFileReference; explicitFileType = wrapper.application; includeInIndex = 0; path = Demo.app; sourceTree = BUILT_PRODUCTS_DIR; };
		4301D4831BB7D3F60018C909 /* AppDelegate.swift */ = {isa = PBXFileReference; lastKnownFileType = sourcecode.swift; path = AppDelegate.swift; sourceTree = "<group>"; };
		4301D4851BB7D3F60018C909 /* ViewController.swift */ = {isa = PBXFileReference; lastKnownFileType = sourcecode.swift; path = ViewController.swift; sourceTree = "<group>"; };
		4301D4881BB7D3F60018C909 /* Base */ = {isa = PBXFileReference; lastKnownFileType = file.storyboard; name = Base; path = Base.lproj/Main.storyboard; sourceTree = "<group>"; };
		4301D48A1BB7D3F60018C909 /* Assets.xcassets */ = {isa = PBXFileReference; lastKnownFileType = folder.assetcatalog; path = Assets.xcassets; sourceTree = "<group>"; };
		4301D48D1BB7D3F60018C909 /* Base */ = {isa = PBXFileReference; lastKnownFileType = file.storyboard; name = Base; path = Base.lproj/LaunchScreen.storyboard; sourceTree = "<group>"; };
		4301D48F1BB7D3F60018C909 /* Info.plist */ = {isa = PBXFileReference; lastKnownFileType = text.plist.xml; path = Info.plist; sourceTree = "<group>"; };
		4301D4941BB7D3F60018C909 /* Demo.xctest */ = {isa = PBXFileReference; explicitFileType = wrapper.cfbundle; includeInIndex = 0; path = Demo.xctest; sourceTree = BUILT_PRODUCTS_DIR; };
		4301D4981BB7D3F60018C909 /* ResponsiveScrollViewTests.swift */ = {isa = PBXFileReference; lastKnownFileType = sourcecode.swift; path = ResponsiveScrollViewTests.swift; sourceTree = "<group>"; };
		4301D49A1BB7D3F60018C909 /* Info.plist */ = {isa = PBXFileReference; lastKnownFileType = text.plist.xml; path = Info.plist; sourceTree = "<group>"; };
		4301D49F1BB7D3F60018C909 /* Demo.xctest */ = {isa = PBXFileReference; explicitFileType = wrapper.cfbundle; includeInIndex = 0; path = Demo.xctest; sourceTree = BUILT_PRODUCTS_DIR; };
		4301D4A31BB7D3F60018C909 /* ResponsiveScrollViewUITests.swift */ = {isa = PBXFileReference; lastKnownFileType = sourcecode.swift; path = ResponsiveScrollViewUITests.swift; sourceTree = "<group>"; };
		4301D4A51BB7D3F60018C909 /* Info.plist */ = {isa = PBXFileReference; lastKnownFileType = text.plist.xml; path = Info.plist; sourceTree = "<group>"; };
		4301D4B11BB7D5950018C909 /* View.xib */ = {isa = PBXFileReference; fileEncoding = 4; lastKnownFileType = file.xib; path = View.xib; sourceTree = "<group>"; };
		4302B6731C721E4700160C62 /* Vieww.xib */ = {isa = PBXFileReference; fileEncoding = 4; lastKnownFileType = file.xib; path = Vieww.xib; sourceTree = "<group>"; };
		43E79C2B1C9AAD9200C00B77 /* UIView+loadFromXibNib.swift */ = {isa = PBXFileReference; fileEncoding = 4; lastKnownFileType = sourcecode.swift; name = "UIView+loadFromXibNib.swift"; path = "../Vendor/UIView-loadFromXibNib/Source/UIView+loadFromXibNib.swift"; sourceTree = "<group>"; };
/* End PBXFileReference section */

/* Begin PBXFrameworksBuildPhase section */
		4301D47D1BB7D3F60018C909 /* Frameworks */ = {
			isa = PBXFrameworksBuildPhase;
			buildActionMask = 2147483647;
			files = (
			);
			runOnlyForDeploymentPostprocessing = 0;
		};
		4301D4911BB7D3F60018C909 /* Frameworks */ = {
			isa = PBXFrameworksBuildPhase;
			buildActionMask = 2147483647;
			files = (
			);
			runOnlyForDeploymentPostprocessing = 0;
		};
		4301D49C1BB7D3F60018C909 /* Frameworks */ = {
			isa = PBXFrameworksBuildPhase;
			buildActionMask = 2147483647;
			files = (
			);
			runOnlyForDeploymentPostprocessing = 0;
		};
/* End PBXFrameworksBuildPhase section */

/* Begin PBXGroup section */
		4301D4771BB7D3F60018C909 = {
			isa = PBXGroup;
			children = (
				4302B6701C7204FD00160C62 /* Vendor */,
				4301D4821BB7D3F60018C909 /* Demo */,
				4301D4971BB7D3F60018C909 /* DemoTests */,
				4301D4A21BB7D3F60018C909 /* DemoUITests */,
				4301D4811BB7D3F60018C909 /* Products */,
			);
			sourceTree = "<group>";
		};
		4301D4811BB7D3F60018C909 /* Products */ = {
			isa = PBXGroup;
			children = (
				4301D4801BB7D3F60018C909 /* Demo.app */,
				4301D4941BB7D3F60018C909 /* Demo.xctest */,
				4301D49F1BB7D3F60018C909 /* Demo.xctest */,
			);
			name = Products;
			sourceTree = "<group>";
		};
		4301D4821BB7D3F60018C909 /* Demo */ = {
			isa = PBXGroup;
			children = (
				4301D4831BB7D3F60018C909 /* AppDelegate.swift */,
				4301D4851BB7D3F60018C909 /* ViewController.swift */,
				4301D4871BB7D3F60018C909 /* Main.storyboard */,
				4301D4B11BB7D5950018C909 /* View.xib */,
				4302B6731C721E4700160C62 /* Vieww.xib */,
				4301D48A1BB7D3F60018C909 /* Assets.xcassets */,
				4301D48C1BB7D3F60018C909 /* LaunchScreen.storyboard */,
				4301D48F1BB7D3F60018C909 /* Info.plist */,
			);
			path = Demo;
			sourceTree = "<group>";
		};
		4301D4971BB7D3F60018C909 /* DemoTests */ = {
			isa = PBXGroup;
			children = (
				4301D4981BB7D3F60018C909 /* ResponsiveScrollViewTests.swift */,
				4301D49A1BB7D3F60018C909 /* Info.plist */,
			);
			path = DemoTests;
			sourceTree = "<group>";
		};
		4301D4A21BB7D3F60018C909 /* DemoUITests */ = {
			isa = PBXGroup;
			children = (
				4301D4A31BB7D3F60018C909 /* ResponsiveScrollViewUITests.swift */,
				4301D4A51BB7D3F60018C909 /* Info.plist */,
			);
			path = DemoUITests;
			sourceTree = "<group>";
		};
		4302B6701C7204FD00160C62 /* Vendor */ = {
			isa = PBXGroup;
			children = (
				43E79C2B1C9AAD9200C00B77 /* UIView+loadFromXibNib.swift */,
			);
			name = Vendor;
			sourceTree = "<group>";
		};
/* End PBXGroup section */

/* Begin PBXNativeTarget section */
		4301D47F1BB7D3F60018C909 /* Demo */ = {
			isa = PBXNativeTarget;
			buildConfigurationList = 4301D4A81BB7D3F60018C909 /* Build configuration list for PBXNativeTarget "Demo" */;
			buildPhases = (
				4301D47C1BB7D3F60018C909 /* Sources */,
				4301D47D1BB7D3F60018C909 /* Frameworks */,
				4301D47E1BB7D3F60018C909 /* Resources */,
			);
			buildRules = (
			);
			dependencies = (
			);
			name = Demo;
			productName = ResponsiveScrollView;
			productReference = 4301D4801BB7D3F60018C909 /* Demo.app */;
			productType = "com.apple.product-type.application";
		};
		4301D4931BB7D3F60018C909 /* DemoTests */ = {
			isa = PBXNativeTarget;
			buildConfigurationList = 4301D4AB1BB7D3F60018C909 /* Build configuration list for PBXNativeTarget "DemoTests" */;
			buildPhases = (
				4301D4901BB7D3F60018C909 /* Sources */,
				4301D4911BB7D3F60018C909 /* Frameworks */,
				4301D4921BB7D3F60018C909 /* Resources */,
			);
			buildRules = (
			);
			dependencies = (
				4301D4961BB7D3F60018C909 /* PBXTargetDependency */,
			);
			name = DemoTests;
			productName = ResponsiveScrollViewTests;
			productReference = 4301D4941BB7D3F60018C909 /* Demo.xctest */;
			productType = "com.apple.product-type.bundle.unit-test";
		};
		4301D49E1BB7D3F60018C909 /* DemoUITests */ = {
			isa = PBXNativeTarget;
			buildConfigurationList = 4301D4AE1BB7D3F60018C909 /* Build configuration list for PBXNativeTarget "DemoUITests" */;
			buildPhases = (
				4301D49B1BB7D3F60018C909 /* Sources */,
				4301D49C1BB7D3F60018C909 /* Frameworks */,
				4301D49D1BB7D3F60018C909 /* Resources */,
			);
			buildRules = (
			);
			dependencies = (
				4301D4A11BB7D3F60018C909 /* PBXTargetDependency */,
			);
			name = DemoUITests;
			productName = ResponsiveScrollViewUITests;
			productReference = 4301D49F1BB7D3F60018C909 /* Demo.xctest */;
			productType = "com.apple.product-type.bundle.ui-testing";
		};
/* End PBXNativeTarget section */

/* Begin PBXProject section */
		4301D4781BB7D3F60018C909 /* Project object */ = {
			isa = PBXProject;
			attributes = {
				LastUpgradeCheck = 0700;
				ORGANIZATIONNAME = "Artem Krachulov";
				TargetAttributes = {
					4301D47F1BB7D3F60018C909 = {
						CreatedOnToolsVersion = 7.0;
					};
					4301D4931BB7D3F60018C909 = {
						CreatedOnToolsVersion = 7.0;
						TestTargetID = 4301D47F1BB7D3F60018C909;
					};
					4301D49E1BB7D3F60018C909 = {
						CreatedOnToolsVersion = 7.0;
						TestTargetID = 4301D47F1BB7D3F60018C909;
					};
				};
			};
			buildConfigurationList = 4301D47B1BB7D3F60018C909 /* Build configuration list for PBXProject "Demo" */;
			compatibilityVersion = "Xcode 3.2";
			developmentRegion = English;
			hasScannedForEncodings = 0;
			knownRegions = (
				en,
				Base,
			);
			mainGroup = 4301D4771BB7D3F60018C909;
			productRefGroup = 4301D4811BB7D3F60018C909 /* Products */;
			projectDirPath = "";
			projectRoot = "";
			targets = (
				4301D47F1BB7D3F60018C909 /* Demo */,
				4301D4931BB7D3F60018C909 /* DemoTests */,
				4301D49E1BB7D3F60018C909 /* DemoUITests */,
			);
		};
/* End PBXProject section */

/* Begin PBXResourcesBuildPhase section */
		4301D47E1BB7D3F60018C909 /* Resources */ = {
			isa = PBXResourcesBuildPhase;
			buildActionMask = 2147483647;
			files = (
				4302B6741C721E4700160C62 /* Vieww.xib in Resources */,
				4301D4B21BB7D5950018C909 /* View.xib in Resources */,
				4301D48E1BB7D3F60018C909 /* LaunchScreen.storyboard in Resources */,
				4301D48B1BB7D3F60018C909 /* Assets.xcassets in Resources */,
				4301D4891BB7D3F60018C909 /* Main.storyboard in Resources */,
			);
			runOnlyForDeploymentPostprocessing = 0;
		};
		4301D4921BB7D3F60018C909 /* Resources */ = {
			isa = PBXResourcesBuildPhase;
			buildActionMask = 2147483647;
			files = (
			);
			runOnlyForDeploymentPostprocessing = 0;
		};
		4301D49D1BB7D3F60018C909 /* Resources */ = {
			isa = PBXResourcesBuildPhase;
			buildActionMask = 2147483647;
			files = (
			);
			runOnlyForDeploymentPostprocessing = 0;
		};
/* End PBXResourcesBuildPhase section */

/* Begin PBXSourcesBuildPhase section */
		4301D47C1BB7D3F60018C909 /* Sources */ = {
			isa = PBXSourcesBuildPhase;
			buildActionMask = 2147483647;
			files = (
				4301D4861BB7D3F60018C909 /* ViewController.swift in Sources */,
				43E79C2C1C9AAD9200C00B77 /* UIView+loadFromXibNib.swift in Sources */,
				4301D4841BB7D3F60018C909 /* AppDelegate.swift in Sources */,
			);
			runOnlyForDeploymentPostprocessing = 0;
		};
		4301D4901BB7D3F60018C909 /* Sources */ = {
			isa = PBXSourcesBuildPhase;
			buildActionMask = 2147483647;
			files = (
				4301D4991BB7D3F60018C909 /* ResponsiveScrollViewTests.swift in Sources */,
			);
			runOnlyForDeploymentPostprocessing = 0;
		};
		4301D49B1BB7D3F60018C909 /* Sources */ = {
			isa = PBXSourcesBuildPhase;
			buildActionMask = 2147483647;
			files = (
				4301D4A41BB7D3F60018C909 /* ResponsiveScrollViewUITests.swift in Sources */,
			);
			runOnlyForDeploymentPostprocessing = 0;
		};
/* End PBXSourcesBuildPhase section */

/* Begin PBXTargetDependency section */
		4301D4961BB7D3F60018C909 /* PBXTargetDependency */ = {
			isa = PBXTargetDependency;
			target = 4301D47F1BB7D3F60018C909 /* Demo */;
			targetProxy = 4301D4951BB7D3F60018C909 /* PBXContainerItemProxy */;
		};
		4301D4A11BB7D3F60018C909 /* PBXTargetDependency */ = {
			isa = PBXTargetDependency;
			target = 4301D47F1BB7D3F60018C909 /* Demo */;
			targetProxy = 4301D4A01BB7D3F60018C909 /* PBXContainerItemProxy */;
		};
/* End PBXTargetDependency section */

/* Begin PBXVariantGroup section */
		4301D4871BB7D3F60018C909 /* Main.storyboard */ = {
			isa = PBXVariantGroup;
			children = (
				4301D4881BB7D3F60018C909 /* Base */,
			);
			name = Main.storyboard;
			sourceTree = "<group>";
		};
		4301D48C1BB7D3F60018C909 /* LaunchScreen.storyboard */ = {
			isa = PBXVariantGroup;
			children = (
				4301D48D1BB7D3F60018C909 /* Base */,
			);
			name = LaunchScreen.storyboard;
			sourceTree = "<group>";
		};
/* End PBXVariantGroup section */

/* Begin XCBuildConfiguration section */
		4301D4A61BB7D3F60018C909 /* Debug */ = {
			isa = XCBuildConfiguration;
			buildSettings = {
				ALWAYS_SEARCH_USER_PATHS = NO;
				CLANG_CXX_LANGUAGE_STANDARD = "gnu++0x";
				CLANG_CXX_LIBRARY = "libc++";
				CLANG_ENABLE_MODULES = YES;
				CLANG_ENABLE_OBJC_ARC = YES;
				CLANG_WARN_BOOL_CONVERSION = YES;
				CLANG_WARN_CONSTANT_CONVERSION = YES;
				CLANG_WARN_DIRECT_OBJC_ISA_USAGE = YES_ERROR;
				CLANG_WARN_EMPTY_BODY = YES;
				CLANG_WARN_ENUM_CONVERSION = YES;
				CLANG_WARN_INT_CONVERSION = YES;
				CLANG_WARN_OBJC_ROOT_CLASS = YES_ERROR;
				CLANG_WARN_UNREACHABLE_CODE = YES;
				CLANG_WARN__DUPLICATE_METHOD_MATCH = YES;
				"CODE_SIGN_IDENTITY[sdk=iphoneos*]" = "iPhone Developer";
				COPY_PHASE_STRIP = NO;
				DEBUG_INFORMATION_FORMAT = dwarf;
				ENABLE_STRICT_OBJC_MSGSEND = YES;
				ENABLE_TESTABILITY = YES;
				GCC_C_LANGUAGE_STANDARD = gnu99;
				GCC_DYNAMIC_NO_PIC = NO;
				GCC_NO_COMMON_BLOCKS = YES;
				GCC_OPTIMIZATION_LEVEL = 0;
				GCC_PREPROCESSOR_DEFINITIONS = (
					"DEBUG=1",
					"$(inherited)",
				);
				GCC_WARN_64_TO_32_BIT_CONVERSION = YES;
				GCC_WARN_ABOUT_RETURN_TYPE = YES_ERROR;
				GCC_WARN_UNDECLARED_SELECTOR = YES;
				GCC_WARN_UNINITIALIZED_AUTOS = YES_AGGRESSIVE;
				GCC_WARN_UNUSED_FUNCTION = YES;
				GCC_WARN_UNUSED_VARIABLE = YES;
				IPHONEOS_DEPLOYMENT_TARGET = 9.0;
				MTL_ENABLE_DEBUG_INFO = YES;
				ONLY_ACTIVE_ARCH = YES;
				SDKROOT = iphoneos;
				SWIFT_OPTIMIZATION_LEVEL = "-Onone";
				TARGETED_DEVICE_FAMILY = "1,2";
			};
			name = Debug;
		};
		4301D4A71BB7D3F60018C909 /* Release */ = {
			isa = XCBuildConfiguration;
			buildSettings = {
				ALWAYS_SEARCH_USER_PATHS = NO;
				CLANG_CXX_LANGUAGE_STANDARD = "gnu++0x";
				CLANG_CXX_LIBRARY = "libc++";
				CLANG_ENABLE_MODULES = YES;
				CLANG_ENABLE_OBJC_ARC = YES;
				CLANG_WARN_BOOL_CONVERSION = YES;
				CLANG_WARN_CONSTANT_CONVERSION = YES;
				CLANG_WARN_DIRECT_OBJC_ISA_USAGE = YES_ERROR;
				CLANG_WARN_EMPTY_BODY = YES;
				CLANG_WARN_ENUM_CONVERSION = YES;
				CLANG_WARN_INT_CONVERSION = YES;
				CLANG_WARN_OBJC_ROOT_CLASS = YES_ERROR;
				CLANG_WARN_UNREACHABLE_CODE = YES;
				CLANG_WARN__DUPLICATE_METHOD_MATCH = YES;
				"CODE_SIGN_IDENTITY[sdk=iphoneos*]" = "iPhone Developer";
				COPY_PHASE_STRIP = NO;
				DEBUG_INFORMATION_FORMAT = "dwarf-with-dsym";
				ENABLE_NS_ASSERTIONS = NO;
				ENABLE_STRICT_OBJC_MSGSEND = YES;
				GCC_C_LANGUAGE_STANDARD = gnu99;
				GCC_NO_COMMON_BLOCKS = YES;
				GCC_WARN_64_TO_32_BIT_CONVERSION = YES;
				GCC_WARN_ABOUT_RETURN_TYPE = YES_ERROR;
				GCC_WARN_UNDECLARED_SELECTOR = YES;
				GCC_WARN_UNINITIALIZED_AUTOS = YES_AGGRESSIVE;
				GCC_WARN_UNUSED_FUNCTION = YES;
				GCC_WARN_UNUSED_VARIABLE = YES;
				IPHONEOS_DEPLOYMENT_TARGET = 9.0;
				MTL_ENABLE_DEBUG_INFO = NO;
				SDKROOT = iphoneos;
				TARGETED_DEVICE_FAMILY = "1,2";
				VALIDATE_PRODUCT = YES;
			};
			name = Release;
		};
		4301D4A91BB7D3F60018C909 /* Debug */ = {
			isa = XCBuildConfiguration;
			buildSettings = {
				ASSETCATALOG_COMPILER_APPICON_NAME = AppIcon;
				CODE_SIGN_IDENTITY = "iPhone Developer";
				INFOPLIST_FILE = "$(SRCROOT)/Demo/Info.plist";
				IPHONEOS_DEPLOYMENT_TARGET = 8;
				LD_RUNPATH_SEARCH_PATHS = "$(inherited) @executable_path/Frameworks";
				PRODUCT_BUNDLE_IDENTIFIER = artem.krachulov.ResponsiveScrollView;
				PRODUCT_NAME = Demo;
			};
			name = Debug;
		};
		4301D4AA1BB7D3F60018C909 /* Release */ = {
			isa = XCBuildConfiguration;
			buildSettings = {
				ASSETCATALOG_COMPILER_APPICON_NAME = AppIcon;
				CODE_SIGN_IDENTITY = "iPhone Developer";
				INFOPLIST_FILE = "$(SRCROOT)/Demo/Info.plist";
				IPHONEOS_DEPLOYMENT_TARGET = 8;
				LD_RUNPATH_SEARCH_PATHS = "$(inherited) @executable_path/Frameworks";
				PRODUCT_BUNDLE_IDENTIFIER = artem.krachulov.ResponsiveScrollView;
				PRODUCT_NAME = Demo;
			};
			name = Release;
		};
		4301D4AC1BB7D3F60018C909 /* Debug */ = {
			isa = XCBuildConfiguration;
			buildSettings = {
				BUNDLE_LOADER = "$(TEST_HOST)";
				INFOPLIST_FILE = ResponsiveScrollViewTests/Info.plist;
				LD_RUNPATH_SEARCH_PATHS = "$(inherited) @executable_path/Frameworks @loader_path/Frameworks";
				PRODUCT_BUNDLE_IDENTIFIER = artem.krachulov.ResponsiveScrollViewTests;
				PRODUCT_NAME = Demo;
				TEST_HOST = "$(BUILT_PRODUCTS_DIR)/Demo.app/Demo";
			};
			name = Debug;
		};
		4301D4AD1BB7D3F60018C909 /* Release */ = {
			isa = XCBuildConfiguration;
			buildSettings = {
				BUNDLE_LOADER = "$(TEST_HOST)";
				INFOPLIST_FILE = ResponsiveScrollViewTests/Info.plist;
				LD_RUNPATH_SEARCH_PATHS = "$(inherited) @executable_path/Frameworks @loader_path/Frameworks";
				PRODUCT_BUNDLE_IDENTIFIER = artem.krachulov.ResponsiveScrollViewTests;
				PRODUCT_NAME = Demo;
				TEST_HOST = "$(BUILT_PRODUCTS_DIR)/Demo.app/Demo";
			};
			name = Release;
		};
		4301D4AF1BB7D3F60018C909 /* Debug */ = {
			isa = XCBuildConfiguration;
			buildSettings = {
				INFOPLIST_FILE = ResponsiveScrollViewUITests/Info.plist;
				LD_RUNPATH_SEARCH_PATHS = "$(inherited) @executable_path/Frameworks @loader_path/Frameworks";
				PRODUCT_BUNDLE_IDENTIFIER = artem.krachulov.ResponsiveScrollViewUITests;
				PRODUCT_NAME = Demo;
				TEST_TARGET_NAME = ResponsiveScrollView;
				USES_XCTRUNNER = YES;
			};
			name = Debug;
		};
		4301D4B01BB7D3F60018C909 /* Release */ = {
			isa = XCBuildConfiguration;
			buildSettings = {
				INFOPLIST_FILE = ResponsiveScrollViewUITests/Info.plist;
				LD_RUNPATH_SEARCH_PATHS = "$(inherited) @executable_path/Frameworks @loader_path/Frameworks";
				PRODUCT_BUNDLE_IDENTIFIER = artem.krachulov.ResponsiveScrollViewUITests;
				PRODUCT_NAME = Demo;
				TEST_TARGET_NAME = ResponsiveScrollView;
				USES_XCTRUNNER = YES;
			};
			name = Release;
		};
/* End XCBuildConfiguration section */

/* Begin XCConfigurationList section */
		4301D47B1BB7D3F60018C909 /* Build configuration list for PBXProject "Demo" */ = {
			isa = XCConfigurationList;
			buildConfigurations = (
				4301D4A61BB7D3F60018C909 /* Debug */,
				4301D4A71BB7D3F60018C909 /* Release */,
			);
			defaultConfigurationIsVisible = 0;
			defaultConfigurationName = Release;
		};
		4301D4A81BB7D3F60018C909 /* Build configuration list for PBXNativeTarget "Demo" */ = {
			isa = XCConfigurationList;
			buildConfigurations = (
				4301D4A91BB7D3F60018C909 /* Debug */,
				4301D4AA1BB7D3F60018C909 /* Release */,
			);
			defaultConfigurationIsVisible = 0;
			defaultConfigurationName = Release;
		};
		4301D4AB1BB7D3F60018C909 /* Build configuration list for PBXNativeTarget "DemoTests" */ = {
			isa = XCConfigurationList;
			buildConfigurations = (
				4301D4AC1BB7D3F60018C909 /* Debug */,
				4301D4AD1BB7D3F60018C909 /* Release */,
			);
			defaultConfigurationIsVisible = 0;
			defaultConfigurationName = Release;
		};
		4301D4AE1BB7D3F60018C909 /* Build configuration list for PBXNativeTarget "DemoUITests" */ = {
			isa = XCConfigurationList;
			buildConfigurations = (
				4301D4AF1BB7D3F60018C909 /* Debug */,
				4301D4B01BB7D3F60018C909 /* Release */,
			);
			defaultConfigurationIsVisible = 0;
			defaultConfigurationName = Release;
		};
/* End XCConfigurationList section */
	};
	rootObject = 4301D4781BB7D3F60018C909 /* Project object */;
}
